
Microsoft Visual Studio Solution File, Format Version 12.00
# Visual Studio 15
VisualStudioVersion = 15.0.27428.2005
MinimumVisualStudioVersion = 10.0.40219.1
Project("{FAE04EC0-301F-11D3-BF4B-00C04F79EFBC}") = "repotest", "repotest\repotest.csproj", "{B7E4D11F-DFB2-47FA-BB21-5018E9E2C9FF}"
EndProject
Global
	GlobalSection(SolutionConfigurationPlatforms) = preSolution
		Debug|Any CPU = Debug|Any CPU
		Release|Any CPU = Release|Any CPU
	EndGlobalSection
	GlobalSection(ProjectConfigurationPlatforms) = postSolution
		{B7E4D11F-DFB2-47FA-BB21-5018E9E2C9FF}.Debug|Any CPU.ActiveCfg = Debug|Any CPU
		{B7E4D11F-DFB2-47FA-BB21-5018E9E2C9FF}.Debug|Any CPU.Build.0 = Debug|Any CPU
		{B7E4D11F-DFB2-47FA-BB21-5018E9E2C9FF}.Release|Any CPU.ActiveCfg = Release|Any CPU
		{B7E4D11F-DFB2-47FA-BB21-5018E9E2C9FF}.Release|Any CPU.Build.0 = Release|Any CPU
	EndGlobalSection
	GlobalSection(SolutionProperties) = preSolution
		HideSolutionNode = FALSE
	EndGlobalSection
	GlobalSection(ExtensibilityGlobals) = postSolution
		SolutionGuid = {47D7A82E-954E-4EAA-8CDA-F83F9C92DAB3}
	EndGlobalSection
EndGlobal
